
Microsoft Visual Studio Solution File, Format Version 12.00
# Visual Studio Version 17
VisualStudioVersion = 17.3.32929.385
MinimumVisualStudioVersion = 10.0.40219.1
Project("{FAE04EC0-301F-11D3-BF4B-00C04F79EFBC}") = "AuthenticationService", "AuthenticationService\AuthenticationService.csproj", "{251D98EC-4ED1-40E1-80D0-4B7995E83862}"
EndProject
Global
	GlobalSection(SolutionConfigurationPlatforms) = preSolution
		Debug|Any CPU = Debug|Any CPU
		Release|Any CPU = Release|Any CPU
	EndGlobalSection
	GlobalSection(ProjectConfigurationPlatforms) = postSolution
		{251D98EC-4ED1-40E1-80D0-4B7995E83862}.Debug|Any CPU.ActiveCfg = Debug|Any CPU
		{251D98EC-4ED1-40E1-80D0-4B7995E83862}.Debug|Any CPU.Build.0 = Debug|Any CPU
		{251D98EC-4ED1-40E1-80D0-4B7995E83862}.Release|Any CPU.ActiveCfg = Release|Any CPU
		{251D98EC-4ED1-40E1-80D0-4B7995E83862}.Release|Any CPU.Build.0 = Release|Any CPU
	EndGlobalSection
	GlobalSection(SolutionProperties) = preSolution
		HideSolutionNode = FALSE
	EndGlobalSection
	GlobalSection(ExtensibilityGlobals) = postSolution
		SolutionGuid = {298CC6AA-EDCE-4096-A168-E6F0A8ACB25E}
	EndGlobalSection
EndGlobal
